// !$*UTF8*$!
{
	archiveVersion = 1;
	classes = {
	};
	objectVersion = 56;
	objects = {

/* Begin PBXBuildFile section */
		DA2EECB629083E8500CD5C07 /* AppDelegate.swift in Sources */ = {isa = PBXBuildFile; fileRef = DA2EECB529083E8500CD5C07 /* AppDelegate.swift */; };
		DA2EECB829083E8500CD5C07 /* SceneDelegate.swift in Sources */ = {isa = PBXBuildFile; fileRef = DA2EECB729083E8500CD5C07 /* SceneDelegate.swift */; };
		DA2EECBA29083E8500CD5C07 /* ViewController.swift in Sources */ = {isa = PBXBuildFile; fileRef = DA2EECB929083E8500CD5C07 /* ViewController.swift */; };
		DA2EECBD29083E8500CD5C07 /* Main.storyboard in Resources */ = {isa = PBXBuildFile; fileRef = DA2EECBB29083E8500CD5C07 /* Main.storyboard */; };
		DA2EECBF29083E8C00CD5C07 /* Assets.xcassets in Resources */ = {isa = PBXBuildFile; fileRef = DA2EECBE29083E8C00CD5C07 /* Assets.xcassets */; };
		DA76E9712913877500138AE2 /* ShoppingAppAPI.framework in Frameworks */ = {isa = PBXBuildFile; fileRef = DA76E9702913877500138AE2 /* ShoppingAppAPI.framework */; };
		DA76E9722913877500138AE2 /* ShoppingAppAPI.framework in Embed Frameworks */ = {isa = PBXBuildFile; fileRef = DA76E9702913877500138AE2 /* ShoppingAppAPI.framework */; settings = {ATTRIBUTES = (CodeSignOnCopy, RemoveHeadersOnCopy, ); }; };
		DA76E97629138CE900138AE2 /* Product.swift in Sources */ = {isa = PBXBuildFile; fileRef = DA76E97529138CE900138AE2 /* Product.swift */; };
		DA76E97A29138E4600138AE2 /* ProductsViewModel.swift in Sources */ = {isa = PBXBuildFile; fileRef = DA76E97929138E4600138AE2 /* ProductsViewModel.swift */; };
		DA76E97D2914413A00138AE2 /* Kingfisher in Frameworks */ = {isa = PBXBuildFile; productRef = DA76E97C2914413A00138AE2 /* Kingfisher */; };
		DA76E982291457EA00138AE2 /* DetailsViewController.swift in Sources */ = {isa = PBXBuildFile; fileRef = DA76E980291457EA00138AE2 /* DetailsViewController.swift */; };
		DA76E983291457EA00138AE2 /* DetailsViewController.xib in Resources */ = {isa = PBXBuildFile; fileRef = DA76E981291457EA00138AE2 /* DetailsViewController.xib */; };
		DA76E9862916426100138AE2 /* Database.swift in Sources */ = {isa = PBXBuildFile; fileRef = DA76E9852916426100138AE2 /* Database.swift */; };
		DA7CBAF3290AE155005AA0A8 /* GoogleService-Info.plist in Resources */ = {isa = PBXBuildFile; fileRef = DA7CBAF2290AE155005AA0A8 /* GoogleService-Info.plist */; };
		DA7CBAF7290AE6C2005AA0A8 /* FirebaseAuth in Frameworks */ = {isa = PBXBuildFile; productRef = DA7CBAF6290AE6C2005AA0A8 /* FirebaseAuth */; };
		DA7CBAF9290AE6C2005AA0A8 /* FirebaseFirestore in Frameworks */ = {isa = PBXBuildFile; productRef = DA7CBAF8290AE6C2005AA0A8 /* FirebaseFirestore */; };
		DA7CBAFB290BC065005AA0A8 /* LaunchScreen.storyboard in Resources */ = {isa = PBXBuildFile; fileRef = DA7CBAFA290BC065005AA0A8 /* LaunchScreen.storyboard */; };
		DA7CBAFD290C1282005AA0A8 /* TabBarController.swift in Sources */ = {isa = PBXBuildFile; fileRef = DA7CBAFC290C1282005AA0A8 /* TabBarController.swift */; };
		DA7CBB02290C13A2005AA0A8 /* ProfileViewController.swift in Sources */ = {isa = PBXBuildFile; fileRef = DA7CBB00290C13A2005AA0A8 /* ProfileViewController.swift */; };
		DA7CBB03290C13A2005AA0A8 /* ProfileViewController.xib in Resources */ = {isa = PBXBuildFile; fileRef = DA7CBB01290C13A2005AA0A8 /* ProfileViewController.xib */; };
		DA7CBB08290CFF3B005AA0A8 /* SearchViewController.swift in Sources */ = {isa = PBXBuildFile; fileRef = DA7CBB06290CFF3B005AA0A8 /* SearchViewController.swift */; };
		DA7CBB09290CFF3B005AA0A8 /* SearchViewController.xib in Resources */ = {isa = PBXBuildFile; fileRef = DA7CBB07290CFF3B005AA0A8 /* SearchViewController.xib */; };
		DA7CBB15291143D4005AA0A8 /* ProductsViewController.swift in Sources */ = {isa = PBXBuildFile; fileRef = DA7CBB13291143D4005AA0A8 /* ProductsViewController.swift */; };
		DA7CBB16291143D4005AA0A8 /* ProductsViewController.xib in Resources */ = {isa = PBXBuildFile; fileRef = DA7CBB14291143D4005AA0A8 /* ProductsViewController.xib */; };
		DA7CBB192911464E005AA0A8 /* ProductsCollectionViewCell.swift in Sources */ = {isa = PBXBuildFile; fileRef = DA7CBB172911464E005AA0A8 /* ProductsCollectionViewCell.swift */; };
		DA7CBB1A2911464E005AA0A8 /* ProductsCollectionViewCell.xib in Resources */ = {isa = PBXBuildFile; fileRef = DA7CBB182911464E005AA0A8 /* ProductsCollectionViewCell.xib */; };
		DABECC6D29085B9100F62359 /* AuthenticationViewController.swift in Sources */ = {isa = PBXBuildFile; fileRef = DABECC6B29085B9100F62359 /* AuthenticationViewController.swift */; };
		DABECC6E29085B9100F62359 /* AuthenticationViewController.xib in Resources */ = {isa = PBXBuildFile; fileRef = DABECC6C29085B9100F62359 /* AuthenticationViewController.xib */; };
/* End PBXBuildFile section */

/* Begin PBXCopyFilesBuildPhase section */
		DA76E9732913877500138AE2 /* Embed Frameworks */ = {
			isa = PBXCopyFilesBuildPhase;
			buildActionMask = 2147483647;
			dstPath = "";
			dstSubfolderSpec = 10;
			files = (
				DA76E9722913877500138AE2 /* ShoppingAppAPI.framework in Embed Frameworks */,
			);
			name = "Embed Frameworks";
			runOnlyForDeploymentPostprocessing = 0;
		};
/* End PBXCopyFilesBuildPhase section */

/* Begin PBXFileReference section */
		DA2EECB229083E8500CD5C07 /* ShoppingApp.app */ = {isa = PBXFileReference; explicitFileType = wrapper.application; includeInIndex = 0; path = ShoppingApp.app; sourceTree = BUILT_PRODUCTS_DIR; };
		DA2EECB529083E8500CD5C07 /* AppDelegate.swift */ = {isa = PBXFileReference; lastKnownFileType = sourcecode.swift; path = AppDelegate.swift; sourceTree = "<group>"; };
		DA2EECB729083E8500CD5C07 /* SceneDelegate.swift */ = {isa = PBXFileReference; lastKnownFileType = sourcecode.swift; path = SceneDelegate.swift; sourceTree = "<group>"; };
		DA2EECB929083E8500CD5C07 /* ViewController.swift */ = {isa = PBXFileReference; lastKnownFileType = sourcecode.swift; path = ViewController.swift; sourceTree = "<group>"; };
		DA2EECBC29083E8500CD5C07 /* Base */ = {isa = PBXFileReference; lastKnownFileType = file.storyboard; name = Base; path = Base.lproj/Main.storyboard; sourceTree = "<group>"; };
		DA2EECBE29083E8C00CD5C07 /* Assets.xcassets */ = {isa = PBXFileReference; lastKnownFileType = folder.assetcatalog; path = Assets.xcassets; sourceTree = "<group>"; };
		DA2EECC329083E8C00CD5C07 /* Info.plist */ = {isa = PBXFileReference; lastKnownFileType = text.plist.xml; path = Info.plist; sourceTree = "<group>"; };
		DA76E9702913877500138AE2 /* ShoppingAppAPI.framework */ = {isa = PBXFileReference; explicitFileType = wrapper.framework; path = ShoppingAppAPI.framework; sourceTree = BUILT_PRODUCTS_DIR; };
		DA76E97529138CE900138AE2 /* Product.swift */ = {isa = PBXFileReference; lastKnownFileType = sourcecode.swift; path = Product.swift; sourceTree = "<group>"; };
		DA76E97929138E4600138AE2 /* ProductsViewModel.swift */ = {isa = PBXFileReference; lastKnownFileType = sourcecode.swift; path = ProductsViewModel.swift; sourceTree = "<group>"; };
		DA76E980291457EA00138AE2 /* DetailsViewController.swift */ = {isa = PBXFileReference; lastKnownFileType = sourcecode.swift; path = DetailsViewController.swift; sourceTree = "<group>"; };
		DA76E981291457EA00138AE2 /* DetailsViewController.xib */ = {isa = PBXFileReference; lastKnownFileType = file.xib; path = DetailsViewController.xib; sourceTree = "<group>"; };
		DA76E9852916426100138AE2 /* Database.swift */ = {isa = PBXFileReference; lastKnownFileType = sourcecode.swift; path = Database.swift; sourceTree = "<group>"; };
		DA7CBAF2290AE155005AA0A8 /* GoogleService-Info.plist */ = {isa = PBXFileReference; fileEncoding = 4; lastKnownFileType = text.plist.xml; name = "GoogleService-Info.plist"; path = "../../../../../../../Downloads/GoogleService-Info.plist"; sourceTree = "<group>"; };
		DA7CBAF4290AE166005AA0A8 /* GoogleService-Info.plist */ = {isa = PBXFileReference; lastKnownFileType = text.plist.xml; path = "GoogleService-Info.plist"; sourceTree = "<group>"; };
		DA7CBAFA290BC065005AA0A8 /* LaunchScreen.storyboard */ = {isa = PBXFileReference; lastKnownFileType = file.storyboard; path = LaunchScreen.storyboard; sourceTree = "<group>"; };
		DA7CBAFC290C1282005AA0A8 /* TabBarController.swift */ = {isa = PBXFileReference; lastKnownFileType = sourcecode.swift; path = TabBarController.swift; sourceTree = "<group>"; };
		DA7CBB00290C13A2005AA0A8 /* ProfileViewController.swift */ = {isa = PBXFileReference; lastKnownFileType = sourcecode.swift; path = ProfileViewController.swift; sourceTree = "<group>"; };
		DA7CBB01290C13A2005AA0A8 /* ProfileViewController.xib */ = {isa = PBXFileReference; lastKnownFileType = file.xib; path = ProfileViewController.xib; sourceTree = "<group>"; };
		DA7CBB06290CFF3B005AA0A8 /* SearchViewController.swift */ = {isa = PBXFileReference; lastKnownFileType = sourcecode.swift; path = SearchViewController.swift; sourceTree = "<group>"; };
		DA7CBB07290CFF3B005AA0A8 /* SearchViewController.xib */ = {isa = PBXFileReference; lastKnownFileType = file.xib; path = SearchViewController.xib; sourceTree = "<group>"; };
		DA7CBB13291143D4005AA0A8 /* ProductsViewController.swift */ = {isa = PBXFileReference; lastKnownFileType = sourcecode.swift; path = ProductsViewController.swift; sourceTree = "<group>"; };
		DA7CBB14291143D4005AA0A8 /* ProductsViewController.xib */ = {isa = PBXFileReference; lastKnownFileType = file.xib; path = ProductsViewController.xib; sourceTree = "<group>"; };
		DA7CBB172911464E005AA0A8 /* ProductsCollectionViewCell.swift */ = {isa = PBXFileReference; lastKnownFileType = sourcecode.swift; path = ProductsCollectionViewCell.swift; sourceTree = "<group>"; };
		DA7CBB182911464E005AA0A8 /* ProductsCollectionViewCell.xib */ = {isa = PBXFileReference; lastKnownFileType = file.xib; path = ProductsCollectionViewCell.xib; sourceTree = "<group>"; };
		DABECC6B29085B9100F62359 /* AuthenticationViewController.swift */ = {isa = PBXFileReference; lastKnownFileType = sourcecode.swift; path = AuthenticationViewController.swift; sourceTree = "<group>"; };
		DABECC6C29085B9100F62359 /* AuthenticationViewController.xib */ = {isa = PBXFileReference; lastKnownFileType = file.xib; path = AuthenticationViewController.xib; sourceTree = "<group>"; };
/* End PBXFileReference section */

/* Begin PBXFrameworksBuildPhase section */
		DA2EECAF29083E8500CD5C07 /* Frameworks */ = {
			isa = PBXFrameworksBuildPhase;
			buildActionMask = 2147483647;
			files = (
				DA76E97D2914413A00138AE2 /* Kingfisher in Frameworks */,
				DA76E9712913877500138AE2 /* ShoppingAppAPI.framework in Frameworks */,
				DA7CBAF7290AE6C2005AA0A8 /* FirebaseAuth in Frameworks */,
				DA7CBAF9290AE6C2005AA0A8 /* FirebaseFirestore in Frameworks */,
			);
			runOnlyForDeploymentPostprocessing = 0;
		};
/* End PBXFrameworksBuildPhase section */

/* Begin PBXGroup section */
		DA2EECA929083E8500CD5C07 = {
			isa = PBXGroup;
			children = (
				DA2EECB429083E8500CD5C07 /* ShoppingApp */,
				DA2EECB329083E8500CD5C07 /* Products */,
				DA76E96F2913877400138AE2 /* Frameworks */,
			);
			sourceTree = "<group>";
		};
		DA2EECB329083E8500CD5C07 /* Products */ = {
			isa = PBXGroup;
			children = (
				DA2EECB229083E8500CD5C07 /* ShoppingApp.app */,
			);
			name = Products;
			sourceTree = "<group>";
		};
		DA2EECB429083E8500CD5C07 /* ShoppingApp */ = {
			isa = PBXGroup;
			children = (
				DA2EECC929083FCE00CD5C07 /* App */,
				DA2EECCA29083FD500CD5C07 /* Screens */,
			);
			path = ShoppingApp;
			sourceTree = "<group>";
		};
		DA2EECC929083FCE00CD5C07 /* App */ = {
			isa = PBXGroup;
			children = (
				DA76E9842916424D00138AE2 /* Network */,
				DA2EECCD2908400D00CD5C07 /* Plists */,
				DA2EECCC2908400600CD5C07 /* Assets */,
				DA2EECCB29083FFF00CD5C07 /* Delegates */,
			);
			path = App;
			sourceTree = "<group>";
		};
		DA2EECCA29083FD500CD5C07 /* Screens */ = {
			isa = PBXGroup;
			children = (
				DA76E97E2914577B00138AE2 /* Details */,
				DA7CBB04290CFF22005AA0A8 /* Search */,
				DA7CBAFE290C1384005AA0A8 /* Profile */,
				DABECC6F2909649500F62359 /* Products */,
				DA2EECD82908544D00CD5C07 /* Authentication */,
				DA2EECD72908543F00CD5C07 /* LaunchScreen */,
				DA2EECD62908542E00CD5C07 /* Initial */,
				DA7CBAFC290C1282005AA0A8 /* TabBarController.swift */,
			);
			path = Screens;
			sourceTree = "<group>";
		};
		DA2EECCB29083FFF00CD5C07 /* Delegates */ = {
			isa = PBXGroup;
			children = (
				DA2EECB529083E8500CD5C07 /* AppDelegate.swift */,
				DA2EECB729083E8500CD5C07 /* SceneDelegate.swift */,
			);
			path = Delegates;
			sourceTree = "<group>";
		};
		DA2EECCC2908400600CD5C07 /* Assets */ = {
			isa = PBXGroup;
			children = (
				DA2EECBE29083E8C00CD5C07 /* Assets.xcassets */,
			);
			path = Assets;
			sourceTree = "<group>";
		};
		DA2EECCD2908400D00CD5C07 /* Plists */ = {
			isa = PBXGroup;
			children = (
				DA7CBAF4290AE166005AA0A8 /* GoogleService-Info.plist */,
				DA2EECC329083E8C00CD5C07 /* Info.plist */,
			);
			path = Plists;
			sourceTree = "<group>";
		};
		DA2EECD62908542E00CD5C07 /* Initial */ = {
			isa = PBXGroup;
			children = (
				DA7CBAF2290AE155005AA0A8 /* GoogleService-Info.plist */,
				DA2EECB929083E8500CD5C07 /* ViewController.swift */,
				DA2EECBB29083E8500CD5C07 /* Main.storyboard */,
			);
			path = Initial;
			sourceTree = "<group>";
		};
		DA2EECD72908543F00CD5C07 /* LaunchScreen */ = {
			isa = PBXGroup;
			children = (
				DA7CBAFA290BC065005AA0A8 /* LaunchScreen.storyboard */,
			);
			path = LaunchScreen;
			sourceTree = "<group>";
		};
		DA2EECD82908544D00CD5C07 /* Authentication */ = {
			isa = PBXGroup;
			children = (
				DA2EECD92908545800CD5C07 /* View */,
			);
			path = Authentication;
			sourceTree = "<group>";
		};
		DA2EECD92908545800CD5C07 /* View */ = {
			isa = PBXGroup;
			children = (
				DABECC6B29085B9100F62359 /* AuthenticationViewController.swift */,
				DABECC6C29085B9100F62359 /* AuthenticationViewController.xib */,
			);
			path = View;
			sourceTree = "<group>";
		};
		DA76E96F2913877400138AE2 /* Frameworks */ = {
			isa = PBXGroup;
			children = (
				DA76E9702913877500138AE2 /* ShoppingAppAPI.framework */,
			);
			name = Frameworks;
			sourceTree = "<group>";
		};
		DA76E97429138CBC00138AE2 /* Model */ = {
			isa = PBXGroup;
			children = (
				DA76E97529138CE900138AE2 /* Product.swift */,
			);
			path = Model;
			sourceTree = "<group>";
		};
		DA76E97729138E0A00138AE2 /* ViewModel */ = {
			isa = PBXGroup;
			children = (
				DA76E97929138E4600138AE2 /* ProductsViewModel.swift */,
			);
			path = ViewModel;
			sourceTree = "<group>";
		};
		DA76E97E2914577B00138AE2 /* Details */ = {
			isa = PBXGroup;
			children = (
				DA76E97F291457C400138AE2 /* View */,
			);
			path = Details;
			sourceTree = "<group>";
		};
		DA76E97F291457C400138AE2 /* View */ = {
			isa = PBXGroup;
			children = (
				DA76E980291457EA00138AE2 /* DetailsViewController.swift */,
				DA76E981291457EA00138AE2 /* DetailsViewController.xib */,
			);
			path = View;
			sourceTree = "<group>";
		};
		DA76E9842916424D00138AE2 /* Network */ = {
			isa = PBXGroup;
			children = (
				DA76E9852916426100138AE2 /* Database.swift */,
			);
			path = Network;
			sourceTree = "<group>";
		};
		DA7CBAFE290C1384005AA0A8 /* Profile */ = {
			isa = PBXGroup;
			children = (
				DA7CBAFF290C138C005AA0A8 /* View */,
			);
			path = Profile;
			sourceTree = "<group>";
		};
		DA7CBAFF290C138C005AA0A8 /* View */ = {
			isa = PBXGroup;
			children = (
				DA7CBB00290C13A2005AA0A8 /* ProfileViewController.swift */,
				DA7CBB01290C13A2005AA0A8 /* ProfileViewController.xib */,
			);
			path = View;
			sourceTree = "<group>";
		};
		DA7CBB04290CFF22005AA0A8 /* Search */ = {
			isa = PBXGroup;
			children = (
				DA7CBB05290CFF29005AA0A8 /* View */,
			);
			path = Search;
			sourceTree = "<group>";
		};
		DA7CBB05290CFF29005AA0A8 /* View */ = {
			isa = PBXGroup;
			children = (
				DA7CBB06290CFF3B005AA0A8 /* SearchViewController.swift */,
				DA7CBB07290CFF3B005AA0A8 /* SearchViewController.xib */,
			);
			path = View;
			sourceTree = "<group>";
		};
		DA7CBB0E290FFBF7005AA0A8 /* ProductsCollectionViewCell */ = {
			isa = PBXGroup;
			children = (
				DA7CBB172911464E005AA0A8 /* ProductsCollectionViewCell.swift */,
				DA7CBB182911464E005AA0A8 /* ProductsCollectionViewCell.xib */,
			);
			path = ProductsCollectionViewCell;
			sourceTree = "<group>";
		};
		DABECC6F2909649500F62359 /* Products */ = {
			isa = PBXGroup;
			children = (
				DA76E97729138E0A00138AE2 /* ViewModel */,
				DA76E97429138CBC00138AE2 /* Model */,
				DABECC70290964A400F62359 /* View */,
			);
			path = Products;
			sourceTree = "<group>";
		};
		DABECC70290964A400F62359 /* View */ = {
			isa = PBXGroup;
			children = (
				DA7CBB0E290FFBF7005AA0A8 /* ProductsCollectionViewCell */,
				DA7CBB13291143D4005AA0A8 /* ProductsViewController.swift */,
				DA7CBB14291143D4005AA0A8 /* ProductsViewController.xib */,
			);
			path = View;
			sourceTree = "<group>";
		};
/* End PBXGroup section */

/* Begin PBXNativeTarget section */
		DA2EECB129083E8500CD5C07 /* ShoppingApp */ = {
			isa = PBXNativeTarget;
			buildConfigurationList = DA2EECC629083E8C00CD5C07 /* Build configuration list for PBXNativeTarget "ShoppingApp" */;
			buildPhases = (
				DA2EECAE29083E8500CD5C07 /* Sources */,
				DA2EECAF29083E8500CD5C07 /* Frameworks */,
				DA2EECB029083E8500CD5C07 /* Resources */,
				DA76E9732913877500138AE2 /* Embed Frameworks */,
			);
			buildRules = (
			);
			dependencies = (
			);
			name = ShoppingApp;
			packageProductDependencies = (
				DA7CBAF6290AE6C2005AA0A8 /* FirebaseAuth */,
				DA7CBAF8290AE6C2005AA0A8 /* FirebaseFirestore */,
				DA76E97C2914413A00138AE2 /* Kingfisher */,
			);
			productName = ShoppingApp;
			productReference = DA2EECB229083E8500CD5C07 /* ShoppingApp.app */;
			productType = "com.apple.product-type.application";
		};
/* End PBXNativeTarget section */

/* Begin PBXProject section */
		DA2EECAA29083E8500CD5C07 /* Project object */ = {
			isa = PBXProject;
			attributes = {
				BuildIndependentTargetsInParallel = 1;
				LastSwiftUpdateCheck = 1400;
				LastUpgradeCheck = 1400;
				TargetAttributes = {
					DA2EECB129083E8500CD5C07 = {
						CreatedOnToolsVersion = 14.0;
					};
				};
			};
			buildConfigurationList = DA2EECAD29083E8500CD5C07 /* Build configuration list for PBXProject "ShoppingApp" */;
			compatibilityVersion = "Xcode 14.0";
			developmentRegion = en;
			hasScannedForEncodings = 0;
			knownRegions = (
				en,
				Base,
			);
			mainGroup = DA2EECA929083E8500CD5C07;
			packageReferences = (
				DA7CBAF5290AE6C1005AA0A8 /* XCRemoteSwiftPackageReference "firebase-ios-sdk" */,
				DA76E97B2914413A00138AE2 /* XCRemoteSwiftPackageReference "Kingfisher" */,
			);
			productRefGroup = DA2EECB329083E8500CD5C07 /* Products */;
			projectDirPath = "";
			projectRoot = "";
			targets = (
				DA2EECB129083E8500CD5C07 /* ShoppingApp */,
			);
		};
/* End PBXProject section */

/* Begin PBXResourcesBuildPhase section */
		DA2EECB029083E8500CD5C07 /* Resources */ = {
			isa = PBXResourcesBuildPhase;
			buildActionMask = 2147483647;
			files = (
				DA7CBB03290C13A2005AA0A8 /* ProfileViewController.xib in Resources */,
				DA7CBAFB290BC065005AA0A8 /* LaunchScreen.storyboard in Resources */,
				DABECC6E29085B9100F62359 /* AuthenticationViewController.xib in Resources */,
				DA2EECBF29083E8C00CD5C07 /* Assets.xcassets in Resources */,
				DA2EECBD29083E8500CD5C07 /* Main.storyboard in Resources */,
				DA7CBB09290CFF3B005AA0A8 /* SearchViewController.xib in Resources */,
				DA7CBB1A2911464E005AA0A8 /* ProductsCollectionViewCell.xib in Resources */,
				DA76E983291457EA00138AE2 /* DetailsViewController.xib in Resources */,
				DA7CBB16291143D4005AA0A8 /* ProductsViewController.xib in Resources */,
				DA7CBAF3290AE155005AA0A8 /* GoogleService-Info.plist in Resources */,
			);
			runOnlyForDeploymentPostprocessing = 0;
		};
/* End PBXResourcesBuildPhase section */

/* Begin PBXSourcesBuildPhase section */
		DA2EECAE29083E8500CD5C07 /* Sources */ = {
			isa = PBXSourcesBuildPhase;
			buildActionMask = 2147483647;
			files = (
				DABECC6D29085B9100F62359 /* AuthenticationViewController.swift in Sources */,
				DA76E97A29138E4600138AE2 /* ProductsViewModel.swift in Sources */,
				DA7CBB08290CFF3B005AA0A8 /* SearchViewController.swift in Sources */,
				DA7CBB15291143D4005AA0A8 /* ProductsViewController.swift in Sources */,
				DA7CBB192911464E005AA0A8 /* ProductsCollectionViewCell.swift in Sources */,
				DA2EECBA29083E8500CD5C07 /* ViewController.swift in Sources */,
				DA7CBAFD290C1282005AA0A8 /* TabBarController.swift in Sources */,
				DA7CBB02290C13A2005AA0A8 /* ProfileViewController.swift in Sources */,
				DA76E97629138CE900138AE2 /* Product.swift in Sources */,
				DA2EECB629083E8500CD5C07 /* AppDelegate.swift in Sources */,
				DA2EECB829083E8500CD5C07 /* SceneDelegate.swift in Sources */,
				DA76E9862916426100138AE2 /* Database.swift in Sources */,
				DA76E982291457EA00138AE2 /* DetailsViewController.swift in Sources */,
			);
			runOnlyForDeploymentPostprocessing = 0;
		};
/* End PBXSourcesBuildPhase section */

/* Begin PBXVariantGroup section */
		DA2EECBB29083E8500CD5C07 /* Main.storyboard */ = {
			isa = PBXVariantGroup;
			children = (
				DA2EECBC29083E8500CD5C07 /* Base */,
			);
			name = Main.storyboard;
			sourceTree = "<group>";
		};
/* End PBXVariantGroup section */

/* Begin XCBuildConfiguration section */
		DA2EECC429083E8C00CD5C07 /* Debug */ = {
			isa = XCBuildConfiguration;
			buildSettings = {
				ALWAYS_SEARCH_USER_PATHS = NO;
				CLANG_ANALYZER_NONNULL = YES;
				CLANG_ANALYZER_NUMBER_OBJECT_CONVERSION = YES_AGGRESSIVE;
				CLANG_CXX_LANGUAGE_STANDARD = "gnu++20";
				CLANG_ENABLE_MODULES = YES;
				CLANG_ENABLE_OBJC_ARC = YES;
				CLANG_ENABLE_OBJC_WEAK = YES;
				CLANG_WARN_BLOCK_CAPTURE_AUTORELEASING = YES;
				CLANG_WARN_BOOL_CONVERSION = YES;
				CLANG_WARN_COMMA = YES;
				CLANG_WARN_CONSTANT_CONVERSION = YES;
				CLANG_WARN_DEPRECATED_OBJC_IMPLEMENTATIONS = YES;
				CLANG_WARN_DIRECT_OBJC_ISA_USAGE = YES_ERROR;
				CLANG_WARN_DOCUMENTATION_COMMENTS = YES;
				CLANG_WARN_EMPTY_BODY = YES;
				CLANG_WARN_ENUM_CONVERSION = YES;
				CLANG_WARN_INFINITE_RECURSION = YES;
				CLANG_WARN_INT_CONVERSION = YES;
				CLANG_WARN_NON_LITERAL_NULL_CONVERSION = YES;
				CLANG_WARN_OBJC_IMPLICIT_RETAIN_SELF = YES;
				CLANG_WARN_OBJC_LITERAL_CONVERSION = YES;
				CLANG_WARN_OBJC_ROOT_CLASS = YES_ERROR;
				CLANG_WARN_QUOTED_INCLUDE_IN_FRAMEWORK_HEADER = YES;
				CLANG_WARN_RANGE_LOOP_ANALYSIS = YES;
				CLANG_WARN_STRICT_PROTOTYPES = YES;
				CLANG_WARN_SUSPICIOUS_MOVE = YES;
				CLANG_WARN_UNGUARDED_AVAILABILITY = YES_AGGRESSIVE;
				CLANG_WARN_UNREACHABLE_CODE = YES;
				CLANG_WARN__DUPLICATE_METHOD_MATCH = YES;
				COPY_PHASE_STRIP = NO;
				DEBUG_INFORMATION_FORMAT = dwarf;
				ENABLE_STRICT_OBJC_MSGSEND = YES;
				ENABLE_TESTABILITY = YES;
				GCC_C_LANGUAGE_STANDARD = gnu11;
				GCC_DYNAMIC_NO_PIC = NO;
				GCC_NO_COMMON_BLOCKS = YES;
				GCC_OPTIMIZATION_LEVEL = 0;
				GCC_PREPROCESSOR_DEFINITIONS = (
					"DEBUG=1",
					"$(inherited)",
				);
				GCC_WARN_64_TO_32_BIT_CONVERSION = YES;
				GCC_WARN_ABOUT_RETURN_TYPE = YES_ERROR;
				GCC_WARN_UNDECLARED_SELECTOR = YES;
				GCC_WARN_UNINITIALIZED_AUTOS = YES_AGGRESSIVE;
				GCC_WARN_UNUSED_FUNCTION = YES;
				GCC_WARN_UNUSED_VARIABLE = YES;
				IPHONEOS_DEPLOYMENT_TARGET = 16.0;
				MTL_ENABLE_DEBUG_INFO = INCLUDE_SOURCE;
				MTL_FAST_MATH = YES;
				ONLY_ACTIVE_ARCH = YES;
				SDKROOT = iphoneos;
				SWIFT_ACTIVE_COMPILATION_CONDITIONS = DEBUG;
				SWIFT_OPTIMIZATION_LEVEL = "-Onone";
			};
			name = Debug;
		};
		DA2EECC529083E8C00CD5C07 /* Release */ = {
			isa = XCBuildConfiguration;
			buildSettings = {
				ALWAYS_SEARCH_USER_PATHS = NO;
				CLANG_ANALYZER_NONNULL = YES;
				CLANG_ANALYZER_NUMBER_OBJECT_CONVERSION = YES_AGGRESSIVE;
				CLANG_CXX_LANGUAGE_STANDARD = "gnu++20";
				CLANG_ENABLE_MODULES = YES;
				CLANG_ENABLE_OBJC_ARC = YES;
				CLANG_ENABLE_OBJC_WEAK = YES;
				CLANG_WARN_BLOCK_CAPTURE_AUTORELEASING = YES;
				CLANG_WARN_BOOL_CONVERSION = YES;
				CLANG_WARN_COMMA = YES;
				CLANG_WARN_CONSTANT_CONVERSION = YES;
				CLANG_WARN_DEPRECATED_OBJC_IMPLEMENTATIONS = YES;
				CLANG_WARN_DIRECT_OBJC_ISA_USAGE = YES_ERROR;
				CLANG_WARN_DOCUMENTATION_COMMENTS = YES;
				CLANG_WARN_EMPTY_BODY = YES;
				CLANG_WARN_ENUM_CONVERSION = YES;
				CLANG_WARN_INFINITE_RECURSION = YES;
				CLANG_WARN_INT_CONVERSION = YES;
				CLANG_WARN_NON_LITERAL_NULL_CONVERSION = YES;
				CLANG_WARN_OBJC_IMPLICIT_RETAIN_SELF = YES;
				CLANG_WARN_OBJC_LITERAL_CONVERSION = YES;
				CLANG_WARN_OBJC_ROOT_CLASS = YES_ERROR;
				CLANG_WARN_QUOTED_INCLUDE_IN_FRAMEWORK_HEADER = YES;
				CLANG_WARN_RANGE_LOOP_ANALYSIS = YES;
				CLANG_WARN_STRICT_PROTOTYPES = YES;
				CLANG_WARN_SUSPICIOUS_MOVE = YES;
				CLANG_WARN_UNGUARDED_AVAILABILITY = YES_AGGRESSIVE;
				CLANG_WARN_UNREACHABLE_CODE = YES;
				CLANG_WARN__DUPLICATE_METHOD_MATCH = YES;
				COPY_PHASE_STRIP = NO;
				DEBUG_INFORMATION_FORMAT = "dwarf-with-dsym";
				ENABLE_NS_ASSERTIONS = NO;
				ENABLE_STRICT_OBJC_MSGSEND = YES;
				GCC_C_LANGUAGE_STANDARD = gnu11;
				GCC_NO_COMMON_BLOCKS = YES;
				GCC_WARN_64_TO_32_BIT_CONVERSION = YES;
				GCC_WARN_ABOUT_RETURN_TYPE = YES_ERROR;
				GCC_WARN_UNDECLARED_SELECTOR = YES;
				GCC_WARN_UNINITIALIZED_AUTOS = YES_AGGRESSIVE;
				GCC_WARN_UNUSED_FUNCTION = YES;
				GCC_WARN_UNUSED_VARIABLE = YES;
				IPHONEOS_DEPLOYMENT_TARGET = 16.0;
				MTL_ENABLE_DEBUG_INFO = NO;
				MTL_FAST_MATH = YES;
				SDKROOT = iphoneos;
				SWIFT_COMPILATION_MODE = wholemodule;
				SWIFT_OPTIMIZATION_LEVEL = "-O";
				VALIDATE_PRODUCT = YES;
			};
			name = Release;
		};
		DA2EECC729083E8C00CD5C07 /* Debug */ = {
			isa = XCBuildConfiguration;
			buildSettings = {
				ASSETCATALOG_COMPILER_APPICON_NAME = AppIcon;
				ASSETCATALOG_COMPILER_GLOBAL_ACCENT_COLOR_NAME = AccentColor;
				CODE_SIGN_STYLE = Automatic;
				CURRENT_PROJECT_VERSION = 1;
				DEVELOPMENT_TEAM = 29CDDB86MT;
				GENERATE_INFOPLIST_FILE = YES;
				INFOPLIST_FILE = ShoppingApp/App/Plists/Info.plist;
				INFOPLIST_KEY_UIApplicationSupportsIndirectInputEvents = YES;
				INFOPLIST_KEY_UILaunchStoryboardName = LaunchScreen;
				INFOPLIST_KEY_UIMainStoryboardFile = Main;
				INFOPLIST_KEY_UISupportedInterfaceOrientations_iPad = "UIInterfaceOrientationPortrait UIInterfaceOrientationPortraitUpsideDown UIInterfaceOrientationLandscapeLeft UIInterfaceOrientationLandscapeRight";
				INFOPLIST_KEY_UISupportedInterfaceOrientations_iPhone = "UIInterfaceOrientationPortrait UIInterfaceOrientationLandscapeLeft UIInterfaceOrientationLandscapeRight";
				IPHONEOS_DEPLOYMENT_TARGET = 16.0;
				LD_RUNPATH_SEARCH_PATHS = (
					"$(inherited)",
					"@executable_path/Frameworks",
				);
				MARKETING_VERSION = 1.0;
				PRODUCT_BUNDLE_IDENTIFIER = com.barkinsungu.ShoppingApp;
				PRODUCT_NAME = "$(TARGET_NAME)";
				SWIFT_EMIT_LOC_STRINGS = YES;
				SWIFT_VERSION = 5.0;
				TARGETED_DEVICE_FAMILY = "1,2";
			};
			name = Debug;
		};
		DA2EECC829083E8C00CD5C07 /* Release */ = {
			isa = XCBuildConfiguration;
			buildSettings = {
				ASSETCATALOG_COMPILER_APPICON_NAME = AppIcon;
				ASSETCATALOG_COMPILER_GLOBAL_ACCENT_COLOR_NAME = AccentColor;
				CODE_SIGN_STYLE = Automatic;
				CURRENT_PROJECT_VERSION = 1;
				DEVELOPMENT_TEAM = 29CDDB86MT;
				GENERATE_INFOPLIST_FILE = YES;
				INFOPLIST_FILE = ShoppingApp/App/Plists/Info.plist;
				INFOPLIST_KEY_UIApplicationSupportsIndirectInputEvents = YES;
				INFOPLIST_KEY_UILaunchStoryboardName = LaunchScreen;
				INFOPLIST_KEY_UIMainStoryboardFile = Main;
				INFOPLIST_KEY_UISupportedInterfaceOrientations_iPad = "UIInterfaceOrientationPortrait UIInterfaceOrientationPortraitUpsideDown UIInterfaceOrientationLandscapeLeft UIInterfaceOrientationLandscapeRight";
				INFOPLIST_KEY_UISupportedInterfaceOrientations_iPhone = "UIInterfaceOrientationPortrait UIInterfaceOrientationLandscapeLeft UIInterfaceOrientationLandscapeRight";
				IPHONEOS_DEPLOYMENT_TARGET = 16.0;
				LD_RUNPATH_SEARCH_PATHS = (
					"$(inherited)",
					"@executable_path/Frameworks",
				);
				MARKETING_VERSION = 1.0;
				PRODUCT_BUNDLE_IDENTIFIER = com.barkinsungu.ShoppingApp;
				PRODUCT_NAME = "$(TARGET_NAME)";
				SWIFT_EMIT_LOC_STRINGS = YES;
				SWIFT_VERSION = 5.0;
				TARGETED_DEVICE_FAMILY = "1,2";
			};
			name = Release;
		};
/* End XCBuildConfiguration section */

/* Begin XCConfigurationList section */
		DA2EECAD29083E8500CD5C07 /* Build configuration list for PBXProject "ShoppingApp" */ = {
			isa = XCConfigurationList;
			buildConfigurations = (
				DA2EECC429083E8C00CD5C07 /* Debug */,
				DA2EECC529083E8C00CD5C07 /* Release */,
			);
			defaultConfigurationIsVisible = 0;
			defaultConfigurationName = Release;
		};
		DA2EECC629083E8C00CD5C07 /* Build configuration list for PBXNativeTarget "ShoppingApp" */ = {
			isa = XCConfigurationList;
			buildConfigurations = (
				DA2EECC729083E8C00CD5C07 /* Debug */,
				DA2EECC829083E8C00CD5C07 /* Release */,
			);
			defaultConfigurationIsVisible = 0;
			defaultConfigurationName = Release;
		};
/* End XCConfigurationList section */

/* Begin XCRemoteSwiftPackageReference section */
		DA76E97B2914413A00138AE2 /* XCRemoteSwiftPackageReference "Kingfisher" */ = {
			isa = XCRemoteSwiftPackageReference;
			repositoryURL = "https://github.com/onevcat/Kingfisher.git";
			requirement = {
				kind = upToNextMajorVersion;
				minimumVersion = 7.0.0;
			};
		};
		DA7CBAF5290AE6C1005AA0A8 /* XCRemoteSwiftPackageReference "firebase-ios-sdk" */ = {
			isa = XCRemoteSwiftPackageReference;
			repositoryURL = "https://github.com/firebase/firebase-ios-sdk";
			requirement = {
				kind = upToNextMajorVersion;
				minimumVersion = 9.0.0;
			};
		};
/* End XCRemoteSwiftPackageReference section */

/* Begin XCSwiftPackageProductDependency section */
		DA76E97C2914413A00138AE2 /* Kingfisher */ = {
			isa = XCSwiftPackageProductDependency;
			package = DA76E97B2914413A00138AE2 /* XCRemoteSwiftPackageReference "Kingfisher" */;
			productName = Kingfisher;
		};
		DA7CBAF6290AE6C2005AA0A8 /* FirebaseAuth */ = {
			isa = XCSwiftPackageProductDependency;
			package = DA7CBAF5290AE6C1005AA0A8 /* XCRemoteSwiftPackageReference "firebase-ios-sdk" */;
			productName = FirebaseAuth;
		};
		DA7CBAF8290AE6C2005AA0A8 /* FirebaseFirestore */ = {
			isa = XCSwiftPackageProductDependency;
			package = DA7CBAF5290AE6C1005AA0A8 /* XCRemoteSwiftPackageReference "firebase-ios-sdk" */;
			productName = FirebaseFirestore;
		};
/* End XCSwiftPackageProductDependency section */
	};
	rootObject = DA2EECAA29083E8500CD5C07 /* Project object */;
}
