// !$*UTF8*$!
{
	archiveVersion = 1;
	classes = {
	};
	objectVersion = 56;
	objects = {

/* Begin PBXBuildFile section */
		DA76E9552913010A00138AE2 /* ShoppingAppAPI.docc in Sources */ = {isa = PBXBuildFile; fileRef = DA76E9542913010A00138AE2 /* ShoppingAppAPI.docc */; };
		DA76E95B2913010A00138AE2 /* ShoppingAppAPI.framework in Frameworks */ = {isa = PBXBuildFile; fileRef = DA76E9502913010A00138AE2 /* ShoppingAppAPI.framework */; };
		DA76E9602913010A00138AE2 /* ShoppingAppAPITests.swift in Sources */ = {isa = PBXBuildFile; fileRef = DA76E95F2913010A00138AE2 /* ShoppingAppAPITests.swift */; };
		DA76E9612913010A00138AE2 /* ShoppingAppAPI.h in Headers */ = {isa = PBXBuildFile; fileRef = DA76E9532913010A00138AE2 /* ShoppingAppAPI.h */; settings = {ATTRIBUTES = (Public, ); }; };
		DA76E96B291301B400138AE2 /* FakeStoreService.swift in Sources */ = {isa = PBXBuildFile; fileRef = DA76E96A291301B400138AE2 /* FakeStoreService.swift */; };
		DA76E96E291302D200138AE2 /* Moya in Frameworks */ = {isa = PBXBuildFile; productRef = DA76E96D291302D200138AE2 /* Moya */; };
/* End PBXBuildFile section */

/* Begin PBXContainerItemProxy section */
		DA76E95C2913010A00138AE2 /* PBXContainerItemProxy */ = {
			isa = PBXContainerItemProxy;
			containerPortal = DA76E9472913010A00138AE2 /* Project object */;
			proxyType = 1;
			remoteGlobalIDString = DA76E94F2913010A00138AE2;
			remoteInfo = ShoppingAppAPI;
		};
/* End PBXContainerItemProxy section */

/* Begin PBXFileReference section */
		DA76E9502913010A00138AE2 /* ShoppingAppAPI.framework */ = {isa = PBXFileReference; explicitFileType = wrapper.framework; includeInIndex = 0; path = ShoppingAppAPI.framework; sourceTree = BUILT_PRODUCTS_DIR; };
		DA76E9532913010A00138AE2 /* ShoppingAppAPI.h */ = {isa = PBXFileReference; lastKnownFileType = sourcecode.c.h; path = ShoppingAppAPI.h; sourceTree = "<group>"; };
		DA76E9542913010A00138AE2 /* ShoppingAppAPI.docc */ = {isa = PBXFileReference; lastKnownFileType = folder.documentationcatalog; path = ShoppingAppAPI.docc; sourceTree = "<group>"; };
		DA76E95A2913010A00138AE2 /* ShoppingAppAPITests.xctest */ = {isa = PBXFileReference; explicitFileType = wrapper.cfbundle; includeInIndex = 0; path = ShoppingAppAPITests.xctest; sourceTree = BUILT_PRODUCTS_DIR; };
		DA76E95F2913010A00138AE2 /* ShoppingAppAPITests.swift */ = {isa = PBXFileReference; lastKnownFileType = sourcecode.swift; path = ShoppingAppAPITests.swift; sourceTree = "<group>"; };
		DA76E96A291301B400138AE2 /* FakeStoreService.swift */ = {isa = PBXFileReference; lastKnownFileType = sourcecode.swift; path = FakeStoreService.swift; sourceTree = "<group>"; };
/* End PBXFileReference section */

/* Begin PBXFrameworksBuildPhase section */
		DA76E94D2913010A00138AE2 /* Frameworks */ = {
			isa = PBXFrameworksBuildPhase;
			buildActionMask = 2147483647;
			files = (
				DA76E96E291302D200138AE2 /* Moya in Frameworks */,
			);
			runOnlyForDeploymentPostprocessing = 0;
		};
		DA76E9572913010A00138AE2 /* Frameworks */ = {
			isa = PBXFrameworksBuildPhase;
			buildActionMask = 2147483647;
			files = (
				DA76E95B2913010A00138AE2 /* ShoppingAppAPI.framework in Frameworks */,
			);
			runOnlyForDeploymentPostprocessing = 0;
		};
/* End PBXFrameworksBuildPhase section */

/* Begin PBXGroup section */
		DA76E9462913010A00138AE2 = {
			isa = PBXGroup;
			children = (
				DA76E9522913010A00138AE2 /* ShoppingAppAPI */,
				DA76E95E2913010A00138AE2 /* ShoppingAppAPITests */,
				DA76E9512913010A00138AE2 /* Products */,
			);
			sourceTree = "<group>";
		};
		DA76E9512913010A00138AE2 /* Products */ = {
			isa = PBXGroup;
			children = (
				DA76E9502913010A00138AE2 /* ShoppingAppAPI.framework */,
				DA76E95A2913010A00138AE2 /* ShoppingAppAPITests.xctest */,
			);
			name = Products;
			sourceTree = "<group>";
		};
		DA76E9522913010A00138AE2 /* ShoppingAppAPI */ = {
			isa = PBXGroup;
			children = (
				DA76E9532913010A00138AE2 /* ShoppingAppAPI.h */,
				DA76E9542913010A00138AE2 /* ShoppingAppAPI.docc */,
				DA76E96A291301B400138AE2 /* FakeStoreService.swift */,
			);
			path = ShoppingAppAPI;
			sourceTree = "<group>";
		};
		DA76E95E2913010A00138AE2 /* ShoppingAppAPITests */ = {
			isa = PBXGroup;
			children = (
				DA76E95F2913010A00138AE2 /* ShoppingAppAPITests.swift */,
			);
			path = ShoppingAppAPITests;
			sourceTree = "<group>";
		};
/* End PBXGroup section */

/* Begin PBXHeadersBuildPhase section */
		DA76E94B2913010A00138AE2 /* Headers */ = {
			isa = PBXHeadersBuildPhase;
			buildActionMask = 2147483647;
			files = (
				DA76E9612913010A00138AE2 /* ShoppingAppAPI.h in Headers */,
			);
			runOnlyForDeploymentPostprocessing = 0;
		};
/* End PBXHeadersBuildPhase section */

/* Begin PBXNativeTarget section */
		DA76E94F2913010A00138AE2 /* ShoppingAppAPI */ = {
			isa = PBXNativeTarget;
			buildConfigurationList = DA76E9642913010A00138AE2 /* Build configuration list for PBXNativeTarget "ShoppingAppAPI" */;
			buildPhases = (
				DA76E94B2913010A00138AE2 /* Headers */,
				DA76E94C2913010A00138AE2 /* Sources */,
				DA76E94D2913010A00138AE2 /* Frameworks */,
				DA76E94E2913010A00138AE2 /* Resources */,
			);
			buildRules = (
			);
			dependencies = (
			);
			name = ShoppingAppAPI;
			packageProductDependencies = (
				DA76E96D291302D200138AE2 /* Moya */,
			);
			productName = ShoppingAppAPI;
			productReference = DA76E9502913010A00138AE2 /* ShoppingAppAPI.framework */;
			productType = "com.apple.product-type.framework";
		};
		DA76E9592913010A00138AE2 /* ShoppingAppAPITests */ = {
			isa = PBXNativeTarget;
			buildConfigurationList = DA76E9672913010A00138AE2 /* Build configuration list for PBXNativeTarget "ShoppingAppAPITests" */;
			buildPhases = (
				DA76E9562913010A00138AE2 /* Sources */,
				DA76E9572913010A00138AE2 /* Frameworks */,
				DA76E9582913010A00138AE2 /* Resources */,
			);
			buildRules = (
			);
			dependencies = (
				DA76E95D2913010A00138AE2 /* PBXTargetDependency */,
			);
			name = ShoppingAppAPITests;
			productName = ShoppingAppAPITests;
			productReference = DA76E95A2913010A00138AE2 /* ShoppingAppAPITests.xctest */;
			productType = "com.apple.product-type.bundle.unit-test";
		};
/* End PBXNativeTarget section */

/* Begin PBXProject section */
		DA76E9472913010A00138AE2 /* Project object */ = {
			isa = PBXProject;
			attributes = {
				BuildIndependentTargetsInParallel = 1;
				LastSwiftUpdateCheck = 1400;
				LastUpgradeCheck = 1400;
				TargetAttributes = {
					DA76E94F2913010A00138AE2 = {
						CreatedOnToolsVersion = 14.0;
					};
					DA76E9592913010A00138AE2 = {
						CreatedOnToolsVersion = 14.0;
					};
				};
			};
			buildConfigurationList = DA76E94A2913010A00138AE2 /* Build configuration list for PBXProject "ShoppingAppAPI" */;
			compatibilityVersion = "Xcode 14.0";
			developmentRegion = en;
			hasScannedForEncodings = 0;
			knownRegions = (
				en,
				Base,
			);
			mainGroup = DA76E9462913010A00138AE2;
			packageReferences = (
				DA76E96C291302D200138AE2 /* XCRemoteSwiftPackageReference "Moya" */,
			);
			productRefGroup = DA76E9512913010A00138AE2 /* Products */;
			projectDirPath = "";
			projectRoot = "";
			targets = (
				DA76E94F2913010A00138AE2 /* ShoppingAppAPI */,
				DA76E9592913010A00138AE2 /* ShoppingAppAPITests */,
			);
		};
/* End PBXProject section */

/* Begin PBXResourcesBuildPhase section */
		DA76E94E2913010A00138AE2 /* Resources */ = {
			isa = PBXResourcesBuildPhase;
			buildActionMask = 2147483647;
			files = (
			);
			runOnlyForDeploymentPostprocessing = 0;
		};
		DA76E9582913010A00138AE2 /* Resources */ = {
			isa = PBXResourcesBuildPhase;
			buildActionMask = 2147483647;
			files = (
			);
			runOnlyForDeploymentPostprocessing = 0;
		};
/* End PBXResourcesBuildPhase section */

/* Begin PBXSourcesBuildPhase section */
		DA76E94C2913010A00138AE2 /* Sources */ = {
			isa = PBXSourcesBuildPhase;
			buildActionMask = 2147483647;
			files = (
				DA76E96B291301B400138AE2 /* FakeStoreService.swift in Sources */,
				DA76E9552913010A00138AE2 /* ShoppingAppAPI.docc in Sources */,
			);
			runOnlyForDeploymentPostprocessing = 0;
		};
		DA76E9562913010A00138AE2 /* Sources */ = {
			isa = PBXSourcesBuildPhase;
			buildActionMask = 2147483647;
			files = (
				DA76E9602913010A00138AE2 /* ShoppingAppAPITests.swift in Sources */,
			);
			runOnlyForDeploymentPostprocessing = 0;
		};
/* End PBXSourcesBuildPhase section */

/* Begin PBXTargetDependency section */
		DA76E95D2913010A00138AE2 /* PBXTargetDependency */ = {
			isa = PBXTargetDependency;
			target = DA76E94F2913010A00138AE2 /* ShoppingAppAPI */;
			targetProxy = DA76E95C2913010A00138AE2 /* PBXContainerItemProxy */;
		};
/* End PBXTargetDependency section */

/* Begin XCBuildConfiguration section */
		DA76E9622913010A00138AE2 /* Debug */ = {
			isa = XCBuildConfiguration;
			buildSettings = {
				ALWAYS_SEARCH_USER_PATHS = NO;
				CLANG_ANALYZER_NONNULL = YES;
				CLANG_ANALYZER_NUMBER_OBJECT_CONVERSION = YES_AGGRESSIVE;
				CLANG_CXX_LANGUAGE_STANDARD = "gnu++20";
				CLANG_ENABLE_MODULES = YES;
				CLANG_ENABLE_OBJC_ARC = YES;
				CLANG_ENABLE_OBJC_WEAK = YES;
				CLANG_WARN_BLOCK_CAPTURE_AUTORELEASING = YES;
				CLANG_WARN_BOOL_CONVERSION = YES;
				CLANG_WARN_COMMA = YES;
				CLANG_WARN_CONSTANT_CONVERSION = YES;
				CLANG_WARN_DEPRECATED_OBJC_IMPLEMENTATIONS = YES;
				CLANG_WARN_DIRECT_OBJC_ISA_USAGE = YES_ERROR;
				CLANG_WARN_DOCUMENTATION_COMMENTS = YES;
				CLANG_WARN_EMPTY_BODY = YES;
				CLANG_WARN_ENUM_CONVERSION = YES;
				CLANG_WARN_INFINITE_RECURSION = YES;
				CLANG_WARN_INT_CONVERSION = YES;
				CLANG_WARN_NON_LITERAL_NULL_CONVERSION = YES;
				CLANG_WARN_OBJC_IMPLICIT_RETAIN_SELF = YES;
				CLANG_WARN_OBJC_LITERAL_CONVERSION = YES;
				CLANG_WARN_OBJC_ROOT_CLASS = YES_ERROR;
				CLANG_WARN_QUOTED_INCLUDE_IN_FRAMEWORK_HEADER = YES;
				CLANG_WARN_RANGE_LOOP_ANALYSIS = YES;
				CLANG_WARN_STRICT_PROTOTYPES = YES;
				CLANG_WARN_SUSPICIOUS_MOVE = YES;
				CLANG_WARN_UNGUARDED_AVAILABILITY = YES_AGGRESSIVE;
				CLANG_WARN_UNREACHABLE_CODE = YES;
				CLANG_WARN__DUPLICATE_METHOD_MATCH = YES;
				COPY_PHASE_STRIP = NO;
				CURRENT_PROJECT_VERSION = 1;
				DEBUG_INFORMATION_FORMAT = dwarf;
				ENABLE_STRICT_OBJC_MSGSEND = YES;
				ENABLE_TESTABILITY = YES;
				GCC_C_LANGUAGE_STANDARD = gnu11;
				GCC_DYNAMIC_NO_PIC = NO;
				GCC_NO_COMMON_BLOCKS = YES;
				GCC_OPTIMIZATION_LEVEL = 0;
				GCC_PREPROCESSOR_DEFINITIONS = (
					"DEBUG=1",
					"$(inherited)",
				);
				GCC_WARN_64_TO_32_BIT_CONVERSION = YES;
				GCC_WARN_ABOUT_RETURN_TYPE = YES_ERROR;
				GCC_WARN_UNDECLARED_SELECTOR = YES;
				GCC_WARN_UNINITIALIZED_AUTOS = YES_AGGRESSIVE;
				GCC_WARN_UNUSED_FUNCTION = YES;
				GCC_WARN_UNUSED_VARIABLE = YES;
				IPHONEOS_DEPLOYMENT_TARGET = 16.0;
				MTL_ENABLE_DEBUG_INFO = INCLUDE_SOURCE;
				MTL_FAST_MATH = YES;
				ONLY_ACTIVE_ARCH = YES;
				SDKROOT = iphoneos;
				SWIFT_ACTIVE_COMPILATION_CONDITIONS = DEBUG;
				SWIFT_OPTIMIZATION_LEVEL = "-Onone";
				VERSIONING_SYSTEM = "apple-generic";
				VERSION_INFO_PREFIX = "";
			};
			name = Debug;
		};
		DA76E9632913010A00138AE2 /* Release */ = {
			isa = XCBuildConfiguration;
			buildSettings = {
				ALWAYS_SEARCH_USER_PATHS = NO;
				CLANG_ANALYZER_NONNULL = YES;
				CLANG_ANALYZER_NUMBER_OBJECT_CONVERSION = YES_AGGRESSIVE;
				CLANG_CXX_LANGUAGE_STANDARD = "gnu++20";
				CLANG_ENABLE_MODULES = YES;
				CLANG_ENABLE_OBJC_ARC = YES;
				CLANG_ENABLE_OBJC_WEAK = YES;
				CLANG_WARN_BLOCK_CAPTURE_AUTORELEASING = YES;
				CLANG_WARN_BOOL_CONVERSION = YES;
				CLANG_WARN_COMMA = YES;
				CLANG_WARN_CONSTANT_CONVERSION = YES;
				CLANG_WARN_DEPRECATED_OBJC_IMPLEMENTATIONS = YES;
				CLANG_WARN_DIRECT_OBJC_ISA_USAGE = YES_ERROR;
				CLANG_WARN_DOCUMENTATION_COMMENTS = YES;
				CLANG_WARN_EMPTY_BODY = YES;
				CLANG_WARN_ENUM_CONVERSION = YES;
				CLANG_WARN_INFINITE_RECURSION = YES;
				CLANG_WARN_INT_CONVERSION = YES;
				CLANG_WARN_NON_LITERAL_NULL_CONVERSION = YES;
				CLANG_WARN_OBJC_IMPLICIT_RETAIN_SELF = YES;
				CLANG_WARN_OBJC_LITERAL_CONVERSION = YES;
				CLANG_WARN_OBJC_ROOT_CLASS = YES_ERROR;
				CLANG_WARN_QUOTED_INCLUDE_IN_FRAMEWORK_HEADER = YES;
				CLANG_WARN_RANGE_LOOP_ANALYSIS = YES;
				CLANG_WARN_STRICT_PROTOTYPES = YES;
				CLANG_WARN_SUSPICIOUS_MOVE = YES;
				CLANG_WARN_UNGUARDED_AVAILABILITY = YES_AGGRESSIVE;
				CLANG_WARN_UNREACHABLE_CODE = YES;
				CLANG_WARN__DUPLICATE_METHOD_MATCH = YES;
				COPY_PHASE_STRIP = NO;
				CURRENT_PROJECT_VERSION = 1;
				DEBUG_INFORMATION_FORMAT = "dwarf-with-dsym";
				ENABLE_NS_ASSERTIONS = NO;
				ENABLE_STRICT_OBJC_MSGSEND = YES;
				GCC_C_LANGUAGE_STANDARD = gnu11;
				GCC_NO_COMMON_BLOCKS = YES;
				GCC_WARN_64_TO_32_BIT_CONVERSION = YES;
				GCC_WARN_ABOUT_RETURN_TYPE = YES_ERROR;
				GCC_WARN_UNDECLARED_SELECTOR = YES;
				GCC_WARN_UNINITIALIZED_AUTOS = YES_AGGRESSIVE;
				GCC_WARN_UNUSED_FUNCTION = YES;
				GCC_WARN_UNUSED_VARIABLE = YES;
				IPHONEOS_DEPLOYMENT_TARGET = 16.0;
				MTL_ENABLE_DEBUG_INFO = NO;
				MTL_FAST_MATH = YES;
				SDKROOT = iphoneos;
				SWIFT_COMPILATION_MODE = wholemodule;
				SWIFT_OPTIMIZATION_LEVEL = "-O";
				VALIDATE_PRODUCT = YES;
				VERSIONING_SYSTEM = "apple-generic";
				VERSION_INFO_PREFIX = "";
			};
			name = Release;
		};
		DA76E9652913010A00138AE2 /* Debug */ = {
			isa = XCBuildConfiguration;
			buildSettings = {
				CODE_SIGN_STYLE = Automatic;
				CURRENT_PROJECT_VERSION = 1;
				DEFINES_MODULE = YES;
				DEVELOPMENT_TEAM = 29CDDB86MT;
				DYLIB_COMPATIBILITY_VERSION = 1;
				DYLIB_CURRENT_VERSION = 1;
				DYLIB_INSTALL_NAME_BASE = "@rpath";
				GENERATE_INFOPLIST_FILE = YES;
				INFOPLIST_KEY_NSHumanReadableCopyright = "";
				INSTALL_PATH = "$(LOCAL_LIBRARY_DIR)/Frameworks";
				LD_RUNPATH_SEARCH_PATHS = (
					"$(inherited)",
					"@executable_path/Frameworks",
					"@loader_path/Frameworks",
				);
				MARKETING_VERSION = 1.0;
				PRODUCT_BUNDLE_IDENTIFIER = com.barkinsungu.ShoppingAppAPI;
				PRODUCT_NAME = "$(TARGET_NAME:c99extidentifier)";
				SKIP_INSTALL = YES;
				SWIFT_EMIT_LOC_STRINGS = YES;
				SWIFT_VERSION = 5.0;
				TARGETED_DEVICE_FAMILY = "1,2";
			};
			name = Debug;
		};
		DA76E9662913010A00138AE2 /* Release */ = {
			isa = XCBuildConfiguration;
			buildSettings = {
				CODE_SIGN_STYLE = Automatic;
				CURRENT_PROJECT_VERSION = 1;
				DEFINES_MODULE = YES;
				DEVELOPMENT_TEAM = 29CDDB86MT;
				DYLIB_COMPATIBILITY_VERSION = 1;
				DYLIB_CURRENT_VERSION = 1;
				DYLIB_INSTALL_NAME_BASE = "@rpath";
				GENERATE_INFOPLIST_FILE = YES;
				INFOPLIST_KEY_NSHumanReadableCopyright = "";
				INSTALL_PATH = "$(LOCAL_LIBRARY_DIR)/Frameworks";
				LD_RUNPATH_SEARCH_PATHS = (
					"$(inherited)",
					"@executable_path/Frameworks",
					"@loader_path/Frameworks",
				);
				MARKETING_VERSION = 1.0;
				PRODUCT_BUNDLE_IDENTIFIER = com.barkinsungu.ShoppingAppAPI;
				PRODUCT_NAME = "$(TARGET_NAME:c99extidentifier)";
				SKIP_INSTALL = YES;
				SWIFT_EMIT_LOC_STRINGS = YES;
				SWIFT_VERSION = 5.0;
				TARGETED_DEVICE_FAMILY = "1,2";
			};
			name = Release;
		};
		DA76E9682913010A00138AE2 /* Debug */ = {
			isa = XCBuildConfiguration;
			buildSettings = {
				ALWAYS_EMBED_SWIFT_STANDARD_LIBRARIES = YES;
				CODE_SIGN_STYLE = Automatic;
				CURRENT_PROJECT_VERSION = 1;
				DEVELOPMENT_TEAM = 29CDDB86MT;
				GENERATE_INFOPLIST_FILE = YES;
				MARKETING_VERSION = 1.0;
				PRODUCT_BUNDLE_IDENTIFIER = com.barkinsungu.ShoppingAppAPITests;
				PRODUCT_NAME = "$(TARGET_NAME)";
				SWIFT_EMIT_LOC_STRINGS = NO;
				SWIFT_VERSION = 5.0;
				TARGETED_DEVICE_FAMILY = "1,2";
			};
			name = Debug;
		};
		DA76E9692913010A00138AE2 /* Release */ = {
			isa = XCBuildConfiguration;
			buildSettings = {
				ALWAYS_EMBED_SWIFT_STANDARD_LIBRARIES = YES;
				CODE_SIGN_STYLE = Automatic;
				CURRENT_PROJECT_VERSION = 1;
				DEVELOPMENT_TEAM = 29CDDB86MT;
				GENERATE_INFOPLIST_FILE = YES;
				MARKETING_VERSION = 1.0;
				PRODUCT_BUNDLE_IDENTIFIER = com.barkinsungu.ShoppingAppAPITests;
				PRODUCT_NAME = "$(TARGET_NAME)";
				SWIFT_EMIT_LOC_STRINGS = NO;
				SWIFT_VERSION = 5.0;
				TARGETED_DEVICE_FAMILY = "1,2";
			};
			name = Release;
		};
/* End XCBuildConfiguration section */

/* Begin XCConfigurationList section */
		DA76E94A2913010A00138AE2 /* Build configuration list for PBXProject "ShoppingAppAPI" */ = {
			isa = XCConfigurationList;
			buildConfigurations = (
				DA76E9622913010A00138AE2 /* Debug */,
				DA76E9632913010A00138AE2 /* Release */,
			);
			defaultConfigurationIsVisible = 0;
			defaultConfigurationName = Release;
		};
		DA76E9642913010A00138AE2 /* Build configuration list for PBXNativeTarget "ShoppingAppAPI" */ = {
			isa = XCConfigurationList;
			buildConfigurations = (
				DA76E9652913010A00138AE2 /* Debug */,
				DA76E9662913010A00138AE2 /* Release */,
			);
			defaultConfigurationIsVisible = 0;
			defaultConfigurationName = Release;
		};
		DA76E9672913010A00138AE2 /* Build configuration list for PBXNativeTarget "ShoppingAppAPITests" */ = {
			isa = XCConfigurationList;
			buildConfigurations = (
				DA76E9682913010A00138AE2 /* Debug */,
				DA76E9692913010A00138AE2 /* Release */,
			);
			defaultConfigurationIsVisible = 0;
			defaultConfigurationName = Release;
		};
/* End XCConfigurationList section */

/* Begin XCRemoteSwiftPackageReference section */
		DA76E96C291302D200138AE2 /* XCRemoteSwiftPackageReference "Moya" */ = {
			isa = XCRemoteSwiftPackageReference;
			repositoryURL = "https://github.com/Moya/Moya.git";
			requirement = {
				kind = versionRange;
				maximumVersion = 16.0.0;
				minimumVersion = 15.0.0;
			};
		};
/* End XCRemoteSwiftPackageReference section */

/* Begin XCSwiftPackageProductDependency section */
		DA76E96D291302D200138AE2 /* Moya */ = {
			isa = XCSwiftPackageProductDependency;
			package = DA76E96C291302D200138AE2 /* XCRemoteSwiftPackageReference "Moya" */;
			productName = Moya;
		};
/* End XCSwiftPackageProductDependency section */
	};
	rootObject = DA76E9472913010A00138AE2 /* Project object */;
}
